
Microsoft Visual Studio Solution File, Format Version 12.00
# Visual Studio Version 17
VisualStudioVersion = 17.1.32228.430
MinimumVisualStudioVersion = 10.0.40219.1
Project("{9A19103F-16F7-4668-BE54-9A1E7A4F7556}") = "ContactService", "ContactService\ContactService.csproj", "{873C50CB-A0A4-4967-9637-515B89F0F7F3}"
EndProject
Project("{9A19103F-16F7-4668-BE54-9A1E7A4F7556}") = "ReportService", "ReportService\ReportService.csproj", "{1BFE628F-50E7-484B-AECA-AC51FF320294}"
EndProject
Project("{FAE04EC0-301F-11D3-BF4B-00C04F79EFBC}") = "ContactService.Test", "ContactService.Test\ContactService.Test.csproj", "{786F78B5-FEB0-446D-A658-94AAF82671E1}"
EndProject
Global
	GlobalSection(SolutionConfigurationPlatforms) = preSolution
		Debug|Any CPU = Debug|Any CPU
		Release|Any CPU = Release|Any CPU
	EndGlobalSection
	GlobalSection(ProjectConfigurationPlatforms) = postSolution
		{873C50CB-A0A4-4967-9637-515B89F0F7F3}.Debug|Any CPU.ActiveCfg = Debug|Any CPU
		{873C50CB-A0A4-4967-9637-515B89F0F7F3}.Debug|Any CPU.Build.0 = Debug|Any CPU
		{873C50CB-A0A4-4967-9637-515B89F0F7F3}.Release|Any CPU.ActiveCfg = Release|Any CPU
		{873C50CB-A0A4-4967-9637-515B89F0F7F3}.Release|Any CPU.Build.0 = Release|Any CPU
		{1BFE628F-50E7-484B-AECA-AC51FF320294}.Debug|Any CPU.ActiveCfg = Debug|Any CPU
		{1BFE628F-50E7-484B-AECA-AC51FF320294}.Debug|Any CPU.Build.0 = Debug|Any CPU
		{1BFE628F-50E7-484B-AECA-AC51FF320294}.Release|Any CPU.ActiveCfg = Release|Any CPU
		{1BFE628F-50E7-484B-AECA-AC51FF320294}.Release|Any CPU.Build.0 = Release|Any CPU
		{786F78B5-FEB0-446D-A658-94AAF82671E1}.Debug|Any CPU.ActiveCfg = Debug|Any CPU
		{786F78B5-FEB0-446D-A658-94AAF82671E1}.Debug|Any CPU.Build.0 = Debug|Any CPU
		{786F78B5-FEB0-446D-A658-94AAF82671E1}.Release|Any CPU.ActiveCfg = Release|Any CPU
		{786F78B5-FEB0-446D-A658-94AAF82671E1}.Release|Any CPU.Build.0 = Release|Any CPU
	EndGlobalSection
	GlobalSection(SolutionProperties) = preSolution
		HideSolutionNode = FALSE
	EndGlobalSection
	GlobalSection(ExtensibilityGlobals) = postSolution
		SolutionGuid = {7878CB19-678C-4723-8E83-7819534711D4}
	EndGlobalSection
EndGlobal
